{
  "version": 4,
  "terraform_version": "1.11.3",
  "serial": 6,
  "lineage": "8cff7503-547e-2fcc-dd65-5232125c451e",
  "outputs": {},
  "resources": [
    {
      "mode": "managed",
      "type": "yandex_storage_bucket",
      "name": "test-bucket",
      "provider": "provider[\"registry.terraform.io/yandex-cloud/yandex\"]",
      "instances": [
        {
          "schema_version": 1,
          "attributes": {
            "access_key": null,
            "acl": "public-read",
            "anonymous_access_flags": [
              {
                "config_read": true,
                "list": true,
                "read": true
              }
            ],
            "bucket": "damir20250422",
            "bucket_domain_name": "damir20250422.storage.yandexcloud.net",
            "bucket_prefix": null,
            "cors_rule": [],
            "default_storage_class": "STANDARD",
            "folder_id": "b1g4muqc9k5bt45lm3d1",
            "force_destroy": false,
            "grant": [],
            "https": [],
            "id": "damir20250422",
            "lifecycle_rule": [],
            "logging": [],
            "max_size": 0,
            "object_lock_configuration": [],
            "policy": "",
            "secret_key": null,
            "server_side_encryption_configuration": [],
            "tags": null,
            "versioning": [
              {
                "enabled": false
              }
            ],
            "website": [],
            "website_domain": null,
            "website_endpoint": null
          },
          "sensitive_attributes": [
            [
              {
                "type": "get_attr",
                "value": "secret_key"
              }
            ]
          ],
          "private": "eyJzY2hlbWFfdmVyc2lvbiI6IjEifQ=="
        }
      ]
    },
    {
      "mode": "managed",
      "type": "yandex_vpc_network",
      "name": "netology-vpc",
      "provider": "provider[\"registry.terraform.io/yandex-cloud/yandex\"]",
      "instances": [
        {
          "schema_version": 0,
          "attributes": {
            "created_at": "2025-04-22T07:05:59Z",
            "default_security_group_id": "enpf9m2ta2p2ecnbp20j",
            "description": "",
            "folder_id": "b1g4muqc9k5bt45lm3d1",
            "id": "enp73ahph6o33n9ek9ti",
            "labels": {},
            "name": "netology-vpc",
            "subnet_ids": [
              "e9b2qi9rqstsonpi8uf1"
            ],
            "timeouts": null
          },
          "sensitive_attributes": [],
          "private": "eyJlMmJmYjczMC1lY2FhLTExZTYtOGY4OC0zNDM2M2JjN2M0YzAiOnsiY3JlYXRlIjo2MDAwMDAwMDAwMCwiZGVsZXRlIjo2MDAwMDAwMDAwMCwidXBkYXRlIjo2MDAwMDAwMDAwMH19"
        }
      ]
    },
    {
      "mode": "managed",
      "type": "yandex_vpc_subnet",
      "name": "public",
      "provider": "provider[\"registry.terraform.io/yandex-cloud/yandex\"]",
      "instances": [
        {
          "schema_version": 0,
          "attributes": {
            "created_at": "2025-04-22T07:06:02Z",
            "description": "",
            "dhcp_options": [],
            "folder_id": "b1g4muqc9k5bt45lm3d1",
            "id": "e9b2qi9rqstsonpi8uf1",
            "labels": {},
            "name": "public",
            "network_id": "enp73ahph6o33n9ek9ti",
            "route_table_id": "",
            "timeouts": null,
            "v4_cidr_blocks": [
              "192.168.10.0/24"
            ],
            "v6_cidr_blocks": [],
            "zone": "ru-central1-a"
          },
          "sensitive_attributes": [],
          "private": "eyJlMmJmYjczMC1lY2FhLTExZTYtOGY4OC0zNDM2M2JjN2M0YzAiOnsiY3JlYXRlIjoxODAwMDAwMDAwMDAsImRlbGV0ZSI6MTgwMDAwMDAwMDAwLCJ1cGRhdGUiOjE4MDAwMDAwMDAwMH19",
          "dependencies": [
            "yandex_vpc_network.netology-vpc"
          ]
        }
      ]
    }
  ],
  "check_results": null
}
